
Microsoft Visual Studio Solution File, Format Version 12.00
# Visual Studio 15
Project("{FAE04EC0-301F-11D3-BF4B-00C04F79EFBC}") = "Assembly-CSharp-Editor", "Assembly-CSharp-Editor.csproj", "{65C8348F-93F6-0E9F-591C-CCA198A6B6B3}"
EndProject
Project("{FAE04EC0-301F-11D3-BF4B-00C04F79EFBC}") = "Assembly-CSharp", "Assembly-CSharp.csproj", "{A10695EA-BCE8-C699-2767-9D555BFA2718}"
EndProject
Project("{FAE04EC0-301F-11D3-BF4B-00C04F79EFBC}") = "GifImporter.Editor", "GifImporter.Editor.csproj", "{FA4BA968-EBB4-63AA-9556-0F2B2D9B294E}"
EndProject
Project("{FAE04EC0-301F-11D3-BF4B-00C04F79EFBC}") = "GifForUnity", "GifForUnity.csproj", "{61489FBD-DB7C-A5EB-740B-775D9CB9A975}"
EndProject
Global
	GlobalSection(SolutionConfigurationPlatforms) = preSolution
		Debug|Any CPU = Debug|Any CPU
		Release|Any CPU = Release|Any CPU
	EndGlobalSection
	GlobalSection(ProjectConfigurationPlatforms) = postSolution
		{65C8348F-93F6-0E9F-591C-CCA198A6B6B3}.Debug|Any CPU.ActiveCfg = Debug|Any CPU
		{65C8348F-93F6-0E9F-591C-CCA198A6B6B3}.Debug|Any CPU.Build.0 = Debug|Any CPU
		{65C8348F-93F6-0E9F-591C-CCA198A6B6B3}.Release|Any CPU.ActiveCfg = Release|Any CPU
		{65C8348F-93F6-0E9F-591C-CCA198A6B6B3}.Release|Any CPU.Build.0 = Release|Any CPU
		{A10695EA-BCE8-C699-2767-9D555BFA2718}.Debug|Any CPU.ActiveCfg = Debug|Any CPU
		{A10695EA-BCE8-C699-2767-9D555BFA2718}.Debug|Any CPU.Build.0 = Debug|Any CPU
		{A10695EA-BCE8-C699-2767-9D555BFA2718}.Release|Any CPU.ActiveCfg = Release|Any CPU
		{A10695EA-BCE8-C699-2767-9D555BFA2718}.Release|Any CPU.Build.0 = Release|Any CPU
		{FA4BA968-EBB4-63AA-9556-0F2B2D9B294E}.Debug|Any CPU.ActiveCfg = Debug|Any CPU
		{FA4BA968-EBB4-63AA-9556-0F2B2D9B294E}.Debug|Any CPU.Build.0 = Debug|Any CPU
		{FA4BA968-EBB4-63AA-9556-0F2B2D9B294E}.Release|Any CPU.ActiveCfg = Release|Any CPU
		{FA4BA968-EBB4-63AA-9556-0F2B2D9B294E}.Release|Any CPU.Build.0 = Release|Any CPU
		{61489FBD-DB7C-A5EB-740B-775D9CB9A975}.Debug|Any CPU.ActiveCfg = Debug|Any CPU
		{61489FBD-DB7C-A5EB-740B-775D9CB9A975}.Debug|Any CPU.Build.0 = Debug|Any CPU
		{61489FBD-DB7C-A5EB-740B-775D9CB9A975}.Release|Any CPU.ActiveCfg = Release|Any CPU
		{61489FBD-DB7C-A5EB-740B-775D9CB9A975}.Release|Any CPU.Build.0 = Release|Any CPU
	EndGlobalSection
	GlobalSection(SolutionProperties) = preSolution
		HideSolutionNode = FALSE
	EndGlobalSection
EndGlobal
